
Microsoft Visual Studio Solution File, Format Version 12.00
# Visual Studio Version 16
VisualStudioVersion = 16.0.31605.320
MinimumVisualStudioVersion = 10.0.40219.1
Project("{FAE04EC0-301F-11D3-BF4B-00C04F79EFBC}") = "FileStream_Assign", "FileStream_Assign\FileStream_Assign.csproj", "{955BD284-97BE-43C7-ADA2-66EEF1BC1FE0}"
EndProject
Global
	GlobalSection(SolutionConfigurationPlatforms) = preSolution
		Debug|Any CPU = Debug|Any CPU
		Release|Any CPU = Release|Any CPU
	EndGlobalSection
	GlobalSection(ProjectConfigurationPlatforms) = postSolution
		{955BD284-97BE-43C7-ADA2-66EEF1BC1FE0}.Debug|Any CPU.ActiveCfg = Debug|Any CPU
		{955BD284-97BE-43C7-ADA2-66EEF1BC1FE0}.Debug|Any CPU.Build.0 = Debug|Any CPU
		{955BD284-97BE-43C7-ADA2-66EEF1BC1FE0}.Release|Any CPU.ActiveCfg = Release|Any CPU
		{955BD284-97BE-43C7-ADA2-66EEF1BC1FE0}.Release|Any CPU.Build.0 = Release|Any CPU
	EndGlobalSection
	GlobalSection(SolutionProperties) = preSolution
		HideSolutionNode = FALSE
	EndGlobalSection
	GlobalSection(ExtensibilityGlobals) = postSolution
		SolutionGuid = {E3B1BC80-0445-4312-AA1B-CD10D6D7E5F3}
	EndGlobalSection
EndGlobal
