
Microsoft Visual Studio Solution File, Format Version 12.00
# Visual Studio Version 16
VisualStudioVersion = 16.0.31605.320
MinimumVisualStudioVersion = 10.0.40219.1
Project("{FAE04EC0-301F-11D3-BF4B-00C04F79EFBC}") = "StringReaderWriter", "StringReaderWriter\StringReaderWriter.csproj", "{AFFEBCC7-F05D-457E-989E-001C28AD7A93}"
EndProject
Global
	GlobalSection(SolutionConfigurationPlatforms) = preSolution
		Debug|Any CPU = Debug|Any CPU
		Release|Any CPU = Release|Any CPU
	EndGlobalSection
	GlobalSection(ProjectConfigurationPlatforms) = postSolution
		{AFFEBCC7-F05D-457E-989E-001C28AD7A93}.Debug|Any CPU.ActiveCfg = Debug|Any CPU
		{AFFEBCC7-F05D-457E-989E-001C28AD7A93}.Debug|Any CPU.Build.0 = Debug|Any CPU
		{AFFEBCC7-F05D-457E-989E-001C28AD7A93}.Release|Any CPU.ActiveCfg = Release|Any CPU
		{AFFEBCC7-F05D-457E-989E-001C28AD7A93}.Release|Any CPU.Build.0 = Release|Any CPU
	EndGlobalSection
	GlobalSection(SolutionProperties) = preSolution
		HideSolutionNode = FALSE
	EndGlobalSection
	GlobalSection(ExtensibilityGlobals) = postSolution
		SolutionGuid = {289CA139-10A5-493F-B253-5DFE3BC7760E}
	EndGlobalSection
EndGlobal
