
Microsoft Visual Studio Solution File, Format Version 12.00
# Visual Studio Version 16
VisualStudioVersion = 16.0.31605.320
MinimumVisualStudioVersion = 10.0.40219.1
Project("{FAE04EC0-301F-11D3-BF4B-00C04F79EFBC}") = "TextReaderWriter", "TextReaderWriter\TextReaderWriter.csproj", "{C4F683A7-9CB6-4E40-BC44-37A74C8E689D}"
EndProject
Global
	GlobalSection(SolutionConfigurationPlatforms) = preSolution
		Debug|Any CPU = Debug|Any CPU
		Release|Any CPU = Release|Any CPU
	EndGlobalSection
	GlobalSection(ProjectConfigurationPlatforms) = postSolution
		{C4F683A7-9CB6-4E40-BC44-37A74C8E689D}.Debug|Any CPU.ActiveCfg = Debug|Any CPU
		{C4F683A7-9CB6-4E40-BC44-37A74C8E689D}.Debug|Any CPU.Build.0 = Debug|Any CPU
		{C4F683A7-9CB6-4E40-BC44-37A74C8E689D}.Release|Any CPU.ActiveCfg = Release|Any CPU
		{C4F683A7-9CB6-4E40-BC44-37A74C8E689D}.Release|Any CPU.Build.0 = Release|Any CPU
	EndGlobalSection
	GlobalSection(SolutionProperties) = preSolution
		HideSolutionNode = FALSE
	EndGlobalSection
	GlobalSection(ExtensibilityGlobals) = postSolution
		SolutionGuid = {F157888B-5A1E-4644-8411-C60F0886F370}
	EndGlobalSection
EndGlobal
